{
  "version": 3,
  "targets": {
    "net6.0": {}
  },
  "libraries": {},
  "projectFileDependencyGroups": {
    "net6.0": []
  },
  "packageFolders": {
    "C:\\Users\\Thayana Vilaça\\.nuget\\packages\\": {}
  },
  "project": {
    "version": "1.0.0",
    "restore": {
      "projectUniqueName": "C:\\Poo_MentoriaDio\\Poo_MentoriaDio.csproj",
      "projectName": "Poo_MentoriaDio",
      "projectPath": "C:\\Poo_MentoriaDio\\Poo_MentoriaDio.csproj",
      "packagesPath": "C:\\Users\\Thayana Vilaça\\.nuget\\packages\\",
      "outputPath": "C:\\Poo_MentoriaDio\\obj\\",
      "projectStyle": "PackageReference",
      "configFilePaths": [
        "C:\\Users\\Thayana Vilaça\\AppData\\Roaming\\NuGet\\NuGet.Config"
      ],
      "originalTargetFrameworks": [
        "net6.0"
      ],
      "frameworks": {
        "net6.0": {
          "targetAlias": "net6.0",
          "projectReferences": {}
        }
      },
      "warningProperties": {
        "warnAsError": [
          "NU1605"
        ]
      }
    },
    "frameworks": {
      "net6.0": {
        "targetAlias": "net6.0",
        "imports": [
          "net461",
          "net462",
          "net47",
          "net471",
          "net472",
          "net48"
        ],
        "assetTargetFallback": true,
        "warn": true,
        "frameworkReferences": {
          "Microsoft.NETCore.App": {
            "privateAssets": "all"
          }
        },
        "runtimeIdentifierGraphPath": "C:\\Program Files\\dotnet\\sdk\\6.0.101\\RuntimeIdentifierGraph.json"
      }
    }
  }
}